# This file is autogenerated, do not edit; changes may be undone by the next 'dep ensure'.


[[projects]]
  digest = "1:d208f3917f9cf796f35b31c8cffe479131d451abafeca4e588091d7bd24d3ed2"
  name = "gopkg.in/go-playground/webhooks.v5"
  packages = ["github"]
  pruneopts = "UT"
  revision = "24279ccb4be8a1e45e37c98e6b6343d3af5d35c6"
  version = "v5.1.1"

[solve-meta]
  analyzer-name = "dep"
  analyzer-version = 1
  input-imports = ["gopkg.in/go-playground/webhooks.v5/github"]
  solver-name = "gps-cdcl"
  solver-version = 1
